code.cloudfoundry.org/archiver v0.0.0-20180525162158-e135af3d5a2a h1:08sH6EQehbQFLK96esnVelV/X4i7jrfO1kFG2FAmzvc=
code.cloudfoundry.org/archiver v0.0.0-20180525162158-e135af3d5a2a/go.mod h1:EU/KcUvh4qBVN6ffu/b8t9x7SurDot+AO0HqEZ+9QOg=
code.cloudfoundry.org/buildpackapplifecycle v0.0.0-20181126193040-928cda2ee7d6 h1:HSZAuBjg09DOtyTlQ6wNGYWqonx7nAGh1R2f2MEljlA=
code.cloudfoundry.org/buildpackapplifecycle v0.0.0-20181126193040-928cda2ee7d6/go.mod h1:HYcRj8n4GH2YcnsrJP9BRPHIHUMTecbNIv1ILL8TaGI=
code.cloudfoundry.org/bytefmt v0.0.0-20190819182555-854d396b647c h1:2RuXx1+tSNWRjxhY0Bx52kjV2odJQ0a6MTbfTPhGAkg=
code.cloudfoundry.org/bytefmt v0.0.0-20190819182555-854d396b647c/go.mod h1:wN/zk7mhREp/oviagqUXY3EwuHhWyOvAdsn5Y4CzOrc=
code.cloudfoundry.org/cacheddownloader v0.0.0-20190711000025-f79da1a28e73 h1:JKdOx/pGokjGHDGFLf4HIgHXdKM84OCGdcjD6EKJRqc=
code.cloudfoundry.org/cacheddownloader v0.0.0-20190711000025-f79da1a28e73/go.mod h1:Y82Gc0V9h//lMLSej7jb5z5hBRZDdjLweMCi9//mPuo=
code.cloudfoundry.org/credhub-cli v0.0.0-20181113163856-bfbb05b8c953 h1:5UF+o0iFmfLsyUF9V7Y687PiyTm/2gUR+wsJG6TAnwk=
code.cloudfoundry.org/credhub-cli v0.0.0-20181113163856-bfbb05b8c953/go.mod h1:oZAAU/4R7ssJ+kighWL4VLyyyY+Utm8H9r721AE3edQ=
code.cloudfoundry.org/goshims v0.0.0-20181023014948-208d33e0c8f9 h1:r8EBFi29BrMUaNpVILVzVY8U7TP+lScLxWlnSlE/34U=
code.cloudfoundry.org/goshims v0.0.0-20181023014948-208d33e0c8f9/go.mod h1:p+Q0ZCTdX+nJ5w8bXZjFicVtUEnTX7kRL8viv+DXmR0=
code.cloudfoundry.org/lager v2.0.0+incompatible h1:WZwDKDB2PLd/oL+USK4b4aEjUymIej9My2nUQ9oWEwQ=
code.cloudfoundry.org/lager v2.0.0+incompatible/go.mod h1:O2sS7gKP3HM2iemG+EnwvyNQK7pTSC6Foi4QiMp9sSk=
code.cloudfoundry.org/systemcerts v0.0.0-20180917154049-ca00b2f806f2 h1:D1vLI8/esxSSd0hNSyX2b6EqQW/b98XvwKSEegiMdIQ=
code.cloudfoundry.org/systemcerts v0.0.0-20180917154049-ca00b2f806f2/go.mod h1:EXawaFLz9fhxAjRCeaqP+Wr5t5+h75UzbHEA7ybrr1o=
code.cloudfoundry.org/tlsconfig v0.0.0-20190710180242-462f72de1106 h1:F36x++Jh2aWiBK++W9wI97SJuprnROicHiV0HtdSOzc=
code.cloudfoundry.org/tlsconfig v0.0.0-20190710180242-462f72de1106/go.mod h1:VxNwgI63VxUGfSR/F3VzjOpnWLbeH+AB1pQugK1i1bA=
github.com/cloudfoundry-incubator/credhub-cli v0.0.0-20181113163856-bfbb05b8c953 h1:rjPLvgmHl6Rr9t4NEKgexYoFrqbQQGvXvgHZw97fidY=
github.com/cloudfoundry-incubator/credhub-cli v0.0.0-20181113163856-bfbb05b8c953/go.mod h1:382DHLhdHdP/6cGpABxc4hY7Z+P5nCLD0V9ao3JueTY=
github.com/cloudfoundry/go-socks5 v0.0.0-20180221174514-54f73bdb8a8e h1:FQdRViaoDphGRfgrotl2QGsX1gbloe57dbGBS5CG6KY=
github.com/cloudfoundry/go-socks5 v0.0.0-20180221174514-54f73bdb8a8e/go.mod h1:PXmcacyJB/pJjSxEl15IU6rEIKXrhZQRzsr0UTkgNNs=
github.com/cloudfoundry/socks5-proxy v0.0.0-20180321211136-3c6b4eec9c2d h1:m8ZUT+5ZyDcyCLOeigNrT8STeNZiIMqkqZcNwzCbteE=
github.com/cloudfoundry/socks5-proxy v0.0.0-20180321211136-3c6b4eec9c2d/go.mod h1:0a+Ghg38uB86Dx+de84dFSkILTnBHzCpFMRnjHgSzi4=
github.com/cyphar/filepath-securejoin v0.2.2 h1:jCwT2GTP+PY5nBz3c/YL5PAIbusElVrPujOBSCj8xRg=
github.com/cyphar/filepath-securejoin v0.2.2/go.mod h1:FpkQEhXnPnOthhzymB7CGsFk2G9VLXONKD9G7QGMM+4=
github.com/fsnotify/fsnotify v1.4.7 h1:IXs+QLmnXW2CcXuY+8Mzv/fWEsPGWxqefPtCP5CnV9I=
github.com/fsnotify/fsnotify v1.4.7/go.mod h1:jwhsz4b93w/PPRr/qN1Yymfu8t87LnFCMoQvtojpjFo=
github.com/golang/protobuf v1.2.0 h1:P3YflyNX/ehuJFLhxviNdFxQPkGK5cDcApsge1SqnvM=
github.com/golang/protobuf v1.2.0/go.mod h1:6lQm79b+lXiMfvg/cZm0SGofjICqVBUtrP5yJMmIC1U=
github.com/hashicorp/go-version v1.0.0 h1:21MVWPKDphxa7ineQQTrCU5brh7OuVVAzGOCnnCPtE8=
github.com/hashicorp/go-version v1.0.0/go.mod h1:fltr4n8CU8Ke44wwGCBoEymUuxUHl09ZGVZPK5anwXA=
github.com/hpcloud/tail v1.0.0 h1:nfCOvKYfkgYP8hkirhJocXT2+zOD8yUNjXaWfTlyFKI=
github.com/hpcloud/tail v1.0.0/go.mod h1:ab1qPbhIpdTxEkNHXyeSf5vhxWSCs/tWer42PpOxQnU=
github.com/onsi/ginkgo v1.6.0/go.mod h1:lLunBs/Ym6LB5Z9jYTR76FiuTmxDTDusOGeTQH+WWjE=
github.com/onsi/ginkgo v1.7.0 h1:WSHQ+IS43OoUrWtD1/bbclrwK8TTH5hzp+umCiuxHgs=
github.com/onsi/ginkgo v1.7.0/go.mod h1:lLunBs/Ym6LB5Z9jYTR76FiuTmxDTDusOGeTQH+WWjE=
github.com/onsi/gomega v1.4.3 h1:RE1xgDvH7imwFD45h+u2SgIfERHlS2yNG4DObb5BSKU=
github.com/onsi/gomega v1.4.3/go.mod h1:ex+gbHU/CVuBBDIJjb2X0qEXbFg53c61hWP/1CpauHY=
github.com/pkg/errors v0.8.1 h1:iURUrRGxPUNPdy5/HRSm+Yj6okJ6UtLINN0Q9M4+h3I=
github.com/pkg/errors v0.8.1/go.mod h1:bwawxfHBFNV+L2hUp1rHADufV3IMtnDRdf1r5NINEl0=
github.com/satori/go.uuid v1.2.0 h1:0uYX9dsZ2yD7q2RtLRtPSdGDWzjeM3TbMJP9utgA0ww=
github.com/satori/go.uuid v1.2.0/go.mod h1:dA0hQrYB0VpLJoorglMZABFdXlWrHn1NEOzdhQKdks0=
github.com/square/certstrap v1.1.2-0.20181030173000-b612375892a7 h1:AUbF3PNK5UAg9tPJHqcRN7nRkrRK/mRWqkiqlQRN9Fk=
github.com/square/certstrap v1.1.2-0.20181030173000-b612375892a7/go.mod h1:1+xoDwJbjCv1e3erNygZ/sHwgq8dr8CgQB3M5mMI6ds=
golang.org/x/crypto v0.0.0-20181203042331-505ab145d0a9 h1:mKdxBk7AujPs8kU4m80U72y/zjbZ3UcXC7dClwKbUI0=
golang.org/x/crypto v0.0.0-20181203042331-505ab145d0a9/go.mod h1:6SG95UA2DQfeDnfUPMdvaQW0Q7yPrPDi9nlGo2tz2b4=
golang.org/x/net v0.0.0-20180906233101-161cd47e91fd/go.mod h1:mL1N/T3taQHkDXs73rZJwtUhF3w3ftmwwsq0BUmARs4=
golang.org/x/net v0.0.0-20181201002055-351d144fa1fc h1:a3CU5tJYVj92DY2LaA1kUkrsqD5/3mLDhx2NcNqyW+0=
golang.org/x/net v0.0.0-20181201002055-351d144fa1fc/go.mod h1:mL1N/T3taQHkDXs73rZJwtUhF3w3ftmwwsq0BUmARs4=
golang.org/x/sync v0.0.0-20180314180146-1d60e4601c6f h1:wMNYb4v58l5UBM7MYRLPG6ZhfOqbKu7X5eyFl8ZhKvA=
golang.org/x/sync v0.0.0-20180314180146-1d60e4601c6f/go.mod h1:RxMgew5VJxzue5/jJTE5uejpjVlOe/izrB70Jof72aM=
golang.org/x/sys v0.0.0-20180909124046-d0be0721c37e/go.mod h1:STP8DvDyc/dI5b8T5hshtkjS+E42TnysNCUPdjciGhY=
golang.org/x/sys v0.0.0-20181206074257-70b957f3b65e h1:njOxP/wVblhCLIUhjHXf6X+dzTt5OQ3vMQo9mkOIKIo=
golang.org/x/sys v0.0.0-20181206074257-70b957f3b65e/go.mod h1:STP8DvDyc/dI5b8T5hshtkjS+E42TnysNCUPdjciGhY=
golang.org/x/text v0.3.0 h1:g61tztE5qeGQ89tm6NTjjM9VPIm088od1l6aSorWRWg=
golang.org/x/text v0.3.0/go.mod h1:NqM8EUOU14njkJ3fqMW+pc6Ldnwhi/IjpwHt7yyuwOQ=
gopkg.in/check.v1 v0.0.0-20161208181325-20d25e280405 h1:yhCVgyC4o1eVCa2tZl7eS0r+SDo693bJlVdllGtEeKM=
gopkg.in/check.v1 v0.0.0-20161208181325-20d25e280405/go.mod h1:Co6ibVJAznAaIkqp8huTwlJQCZ016jof/cbN4VW5Yz0=
gopkg.in/fsnotify.v1 v1.4.7 h1:xOHLXZwVvI9hhs+cLKq5+I5onOuwQLhQwiu63xxlHs4=
gopkg.in/fsnotify.v1 v1.4.7/go.mod h1:Tz8NjZHkW78fSQdbUxIjBTcgA1z1m8ZHf0WmKUhAMys=
gopkg.in/tomb.v1 v1.0.0-20141024135613-dd632973f1e7 h1:uRGJdciOHaEIrze2W8Q3AKkepLTh2hOroT7a+7czfdQ=
gopkg.in/tomb.v1 v1.0.0-20141024135613-dd632973f1e7/go.mod h1:dt/ZhP58zS4L8KSrWDmTeBkI65Dw0HsyUHuEVlX15mw=
gopkg.in/yaml.v2 v2.2.1/go.mod h1:hI93XBmqTisBFMUTm0b8Fm+jr3Dg1NNxqwp+5A1VGuI=
gopkg.in/yaml.v2 v2.2.2 h1:ZCJp+EgiOT7lHqUV2J862kp8Qj64Jo6az82+3Td9dZw=
gopkg.in/yaml.v2 v2.2.2/go.mod h1:hI93XBmqTisBFMUTm0b8Fm+jr3Dg1NNxqwp+5A1VGuI=
